
Microsoft Visual Studio Solution File, Format Version 12.00
# Visual Studio 14
VisualStudioVersion = 14.0.25420.1
MinimumVisualStudioVersion = 10.0.40219.1
Project("{FAE04EC0-301F-11D3-BF4B-00C04F79EFBC}") = "SteamLauncher", "SteamLauncher\SteamLauncher.csproj", "{DFA22CE7-C57F-4DF3-9AB6-53414D3A90EA}"
EndProject
Project("{FAE04EC0-301F-11D3-BF4B-00C04F79EFBC}") = "SteamLauncher.Core", "SteamLauncher.Core\SteamLauncher.Core.csproj", "{DFB20FCC-F4A1-4E14-A929-392A5ED63FCA}"
EndProject
Global
	GlobalSection(SolutionConfigurationPlatforms) = preSolution
		Debug|Any CPU = Debug|Any CPU
		Release|Any CPU = Release|Any CPU
	EndGlobalSection
	GlobalSection(ProjectConfigurationPlatforms) = postSolution
		{DFA22CE7-C57F-4DF3-9AB6-53414D3A90EA}.Debug|Any CPU.ActiveCfg = Debug|Any CPU
		{DFA22CE7-C57F-4DF3-9AB6-53414D3A90EA}.Debug|Any CPU.Build.0 = Debug|Any CPU
		{DFA22CE7-C57F-4DF3-9AB6-53414D3A90EA}.Release|Any CPU.ActiveCfg = Release|Any CPU
		{DFA22CE7-C57F-4DF3-9AB6-53414D3A90EA}.Release|Any CPU.Build.0 = Release|Any CPU
		{DFB20FCC-F4A1-4E14-A929-392A5ED63FCA}.Debug|Any CPU.ActiveCfg = Debug|Any CPU
		{DFB20FCC-F4A1-4E14-A929-392A5ED63FCA}.Debug|Any CPU.Build.0 = Debug|Any CPU
		{DFB20FCC-F4A1-4E14-A929-392A5ED63FCA}.Release|Any CPU.ActiveCfg = Release|Any CPU
		{DFB20FCC-F4A1-4E14-A929-392A5ED63FCA}.Release|Any CPU.Build.0 = Release|Any CPU
	EndGlobalSection
	GlobalSection(SolutionProperties) = preSolution
		HideSolutionNode = FALSE
	EndGlobalSection
EndGlobal
